// !$*UTF8*$!
{
	archiveVersion = 1;
	classes = {
	};
	objectVersion = 56;
	objects = {

/* Begin PBXBuildFile section */
		C6C322512B1DC8C1007235CA /* OwnerSellerLoginFlowApp.swift in Sources */ = {isa = PBXBuildFile; fileRef = C6C322502B1DC8C1007235CA /* OwnerSellerLoginFlowApp.swift */; };
		C6C322532B1DC8C1007235CA /* ContentView.swift in Sources */ = {isa = PBXBuildFile; fileRef = C6C322522B1DC8C1007235CA /* ContentView.swift */; };
		C6C322552B1DC8C3007235CA /* Assets.xcassets in Resources */ = {isa = PBXBuildFile; fileRef = C6C322542B1DC8C3007235CA /* Assets.xcassets */; };
		C6C322582B1DC8C3007235CA /* Preview Assets.xcassets in Resources */ = {isa = PBXBuildFile; fileRef = C6C322572B1DC8C3007235CA /* Preview Assets.xcassets */; };
		C6C322622B1DC8C4007235CA /* OwnerSellerLoginFlowTests.swift in Sources */ = {isa = PBXBuildFile; fileRef = C6C322612B1DC8C4007235CA /* OwnerSellerLoginFlowTests.swift */; };
		C6C3226C2B1DC8C4007235CA /* OwnerSellerLoginFlowUITests.swift in Sources */ = {isa = PBXBuildFile; fileRef = C6C3226B2B1DC8C4007235CA /* OwnerSellerLoginFlowUITests.swift */; };
		C6C3226E2B1DC8C4007235CA /* OwnerSellerLoginFlowUITestsLaunchTests.swift in Sources */ = {isa = PBXBuildFile; fileRef = C6C3226D2B1DC8C4007235CA /* OwnerSellerLoginFlowUITestsLaunchTests.swift */; };
		C6C3227B2B1DC8EF007235CA /* LandingScreen.swift in Sources */ = {isa = PBXBuildFile; fileRef = C6C3227A2B1DC8EF007235CA /* LandingScreen.swift */; };
		C6C3227D2B1DCB50007235CA /* PostProperty.swift in Sources */ = {isa = PBXBuildFile; fileRef = C6C3227C2B1DCB50007235CA /* PostProperty.swift */; };
		C6C3227F2B1DCC99007235CA /* ChooseUserType.swift in Sources */ = {isa = PBXBuildFile; fileRef = C6C3227E2B1DCC99007235CA /* ChooseUserType.swift */; };
		C6C322812B1DD5E3007235CA /* LoginPage.swift in Sources */ = {isa = PBXBuildFile; fileRef = C6C322802B1DD5E3007235CA /* LoginPage.swift */; };
		C6C322832B1DD737007235CA /* LoginViewModel.swift in Sources */ = {isa = PBXBuildFile; fileRef = C6C322822B1DD737007235CA /* LoginViewModel.swift */; };
		C6C322852B1DDAD8007235CA /* NetworkService.swift in Sources */ = {isa = PBXBuildFile; fileRef = C6C322842B1DDAD8007235CA /* NetworkService.swift */; };
		C6C322872B1DDFDE007235CA /* User.swift in Sources */ = {isa = PBXBuildFile; fileRef = C6C322862B1DDFDE007235CA /* User.swift */; };
		C6C322892B1DE67E007235CA /* Constants.swift in Sources */ = {isa = PBXBuildFile; fileRef = C6C322882B1DE67E007235CA /* Constants.swift */; };
		C6C3228B2B1DF236007235CA /* ContentViewModel.swift in Sources */ = {isa = PBXBuildFile; fileRef = C6C3228A2B1DF236007235CA /* ContentViewModel.swift */; };
		C6C3228D2B1DF423007235CA /* AuthService.swift in Sources */ = {isa = PBXBuildFile; fileRef = C6C3228C2B1DF423007235CA /* AuthService.swift */; };
		C6C3228F2B1DF5F1007235CA /* HomePage.swift in Sources */ = {isa = PBXBuildFile; fileRef = C6C3228E2B1DF5F1007235CA /* HomePage.swift */; };
/* End PBXBuildFile section */

/* Begin PBXContainerItemProxy section */
		C6C3225E2B1DC8C4007235CA /* PBXContainerItemProxy */ = {
			isa = PBXContainerItemProxy;
			containerPortal = C6C322452B1DC8C1007235CA /* Project object */;
			proxyType = 1;
			remoteGlobalIDString = C6C3224C2B1DC8C1007235CA;
			remoteInfo = OwnerSellerLoginFlow;
		};
		C6C322682B1DC8C4007235CA /* PBXContainerItemProxy */ = {
			isa = PBXContainerItemProxy;
			containerPortal = C6C322452B1DC8C1007235CA /* Project object */;
			proxyType = 1;
			remoteGlobalIDString = C6C3224C2B1DC8C1007235CA;
			remoteInfo = OwnerSellerLoginFlow;
		};
/* End PBXContainerItemProxy section */

/* Begin PBXFileReference section */
		C6C3224D2B1DC8C1007235CA /* OwnerSellerLoginFlow.app */ = {isa = PBXFileReference; explicitFileType = wrapper.application; includeInIndex = 0; path = OwnerSellerLoginFlow.app; sourceTree = BUILT_PRODUCTS_DIR; };
		C6C322502B1DC8C1007235CA /* OwnerSellerLoginFlowApp.swift */ = {isa = PBXFileReference; lastKnownFileType = sourcecode.swift; path = OwnerSellerLoginFlowApp.swift; sourceTree = "<group>"; };
		C6C322522B1DC8C1007235CA /* ContentView.swift */ = {isa = PBXFileReference; lastKnownFileType = sourcecode.swift; path = ContentView.swift; sourceTree = "<group>"; };
		C6C322542B1DC8C3007235CA /* Assets.xcassets */ = {isa = PBXFileReference; lastKnownFileType = folder.assetcatalog; path = Assets.xcassets; sourceTree = "<group>"; };
		C6C322572B1DC8C3007235CA /* Preview Assets.xcassets */ = {isa = PBXFileReference; lastKnownFileType = folder.assetcatalog; path = "Preview Assets.xcassets"; sourceTree = "<group>"; };
		C6C3225D2B1DC8C4007235CA /* OwnerSellerLoginFlowTests.xctest */ = {isa = PBXFileReference; explicitFileType = wrapper.cfbundle; includeInIndex = 0; path = OwnerSellerLoginFlowTests.xctest; sourceTree = BUILT_PRODUCTS_DIR; };
		C6C322612B1DC8C4007235CA /* OwnerSellerLoginFlowTests.swift */ = {isa = PBXFileReference; lastKnownFileType = sourcecode.swift; path = OwnerSellerLoginFlowTests.swift; sourceTree = "<group>"; };
		C6C322672B1DC8C4007235CA /* OwnerSellerLoginFlowUITests.xctest */ = {isa = PBXFileReference; explicitFileType = wrapper.cfbundle; includeInIndex = 0; path = OwnerSellerLoginFlowUITests.xctest; sourceTree = BUILT_PRODUCTS_DIR; };
		C6C3226B2B1DC8C4007235CA /* OwnerSellerLoginFlowUITests.swift */ = {isa = PBXFileReference; lastKnownFileType = sourcecode.swift; path = OwnerSellerLoginFlowUITests.swift; sourceTree = "<group>"; };
		C6C3226D2B1DC8C4007235CA /* OwnerSellerLoginFlowUITestsLaunchTests.swift */ = {isa = PBXFileReference; lastKnownFileType = sourcecode.swift; path = OwnerSellerLoginFlowUITestsLaunchTests.swift; sourceTree = "<group>"; };
		C6C3227A2B1DC8EF007235CA /* LandingScreen.swift */ = {isa = PBXFileReference; lastKnownFileType = sourcecode.swift; path = LandingScreen.swift; sourceTree = "<group>"; };
		C6C3227C2B1DCB50007235CA /* PostProperty.swift */ = {isa = PBXFileReference; lastKnownFileType = sourcecode.swift; path = PostProperty.swift; sourceTree = "<group>"; };
		C6C3227E2B1DCC99007235CA /* ChooseUserType.swift */ = {isa = PBXFileReference; lastKnownFileType = sourcecode.swift; path = ChooseUserType.swift; sourceTree = "<group>"; };
		C6C322802B1DD5E3007235CA /* LoginPage.swift */ = {isa = PBXFileReference; lastKnownFileType = sourcecode.swift; path = LoginPage.swift; sourceTree = "<group>"; };
		C6C322822B1DD737007235CA /* LoginViewModel.swift */ = {isa = PBXFileReference; lastKnownFileType = sourcecode.swift; path = LoginViewModel.swift; sourceTree = "<group>"; };
		C6C322842B1DDAD8007235CA /* NetworkService.swift */ = {isa = PBXFileReference; lastKnownFileType = sourcecode.swift; path = NetworkService.swift; sourceTree = "<group>"; };
		C6C322862B1DDFDE007235CA /* User.swift */ = {isa = PBXFileReference; lastKnownFileType = sourcecode.swift; path = User.swift; sourceTree = "<group>"; };
		C6C322882B1DE67E007235CA /* Constants.swift */ = {isa = PBXFileReference; lastKnownFileType = sourcecode.swift; path = Constants.swift; sourceTree = "<group>"; };
		C6C3228A2B1DF236007235CA /* ContentViewModel.swift */ = {isa = PBXFileReference; lastKnownFileType = sourcecode.swift; path = ContentViewModel.swift; sourceTree = "<group>"; };
		C6C3228C2B1DF423007235CA /* AuthService.swift */ = {isa = PBXFileReference; lastKnownFileType = sourcecode.swift; path = AuthService.swift; sourceTree = "<group>"; };
		C6C3228E2B1DF5F1007235CA /* HomePage.swift */ = {isa = PBXFileReference; lastKnownFileType = sourcecode.swift; path = HomePage.swift; sourceTree = "<group>"; };
/* End PBXFileReference section */

/* Begin PBXFrameworksBuildPhase section */
		C6C3224A2B1DC8C1007235CA /* Frameworks */ = {
			isa = PBXFrameworksBuildPhase;
			buildActionMask = 2147483647;
			files = (
			);
			runOnlyForDeploymentPostprocessing = 0;
		};
		C6C3225A2B1DC8C4007235CA /* Frameworks */ = {
			isa = PBXFrameworksBuildPhase;
			buildActionMask = 2147483647;
			files = (
			);
			runOnlyForDeploymentPostprocessing = 0;
		};
		C6C322642B1DC8C4007235CA /* Frameworks */ = {
			isa = PBXFrameworksBuildPhase;
			buildActionMask = 2147483647;
			files = (
			);
			runOnlyForDeploymentPostprocessing = 0;
		};
/* End PBXFrameworksBuildPhase section */

/* Begin PBXGroup section */
		C6C322442B1DC8C1007235CA = {
			isa = PBXGroup;
			children = (
				C6C3224F2B1DC8C1007235CA /* OwnerSellerLoginFlow */,
				C6C322602B1DC8C4007235CA /* OwnerSellerLoginFlowTests */,
				C6C3226A2B1DC8C4007235CA /* OwnerSellerLoginFlowUITests */,
				C6C3224E2B1DC8C1007235CA /* Products */,
			);
			sourceTree = "<group>";
		};
		C6C3224E2B1DC8C1007235CA /* Products */ = {
			isa = PBXGroup;
			children = (
				C6C3224D2B1DC8C1007235CA /* OwnerSellerLoginFlow.app */,
				C6C3225D2B1DC8C4007235CA /* OwnerSellerLoginFlowTests.xctest */,
				C6C322672B1DC8C4007235CA /* OwnerSellerLoginFlowUITests.xctest */,
			);
			name = Products;
			sourceTree = "<group>";
		};
		C6C3224F2B1DC8C1007235CA /* OwnerSellerLoginFlow */ = {
			isa = PBXGroup;
			children = (
				C6C322502B1DC8C1007235CA /* OwnerSellerLoginFlowApp.swift */,
				C6C322522B1DC8C1007235CA /* ContentView.swift */,
				C6C3228E2B1DF5F1007235CA /* HomePage.swift */,
				C6C3228A2B1DF236007235CA /* ContentViewModel.swift */,
				C6C322542B1DC8C3007235CA /* Assets.xcassets */,
				C6C322562B1DC8C3007235CA /* Preview Content */,
				C6C3227A2B1DC8EF007235CA /* LandingScreen.swift */,
				C6C3227C2B1DCB50007235CA /* PostProperty.swift */,
				C6C3227E2B1DCC99007235CA /* ChooseUserType.swift */,
				C6C322802B1DD5E3007235CA /* LoginPage.swift */,
				C6C322822B1DD737007235CA /* LoginViewModel.swift */,
				C6C322842B1DDAD8007235CA /* NetworkService.swift */,
				C6C322862B1DDFDE007235CA /* User.swift */,
				C6C322882B1DE67E007235CA /* Constants.swift */,
				C6C3228C2B1DF423007235CA /* AuthService.swift */,
			);
			path = OwnerSellerLoginFlow;
			sourceTree = "<group>";
		};
		C6C322562B1DC8C3007235CA /* Preview Content */ = {
			isa = PBXGroup;
			children = (
				C6C322572B1DC8C3007235CA /* Preview Assets.xcassets */,
			);
			path = "Preview Content";
			sourceTree = "<group>";
		};
		C6C322602B1DC8C4007235CA /* OwnerSellerLoginFlowTests */ = {
			isa = PBXGroup;
			children = (
				C6C322612B1DC8C4007235CA /* OwnerSellerLoginFlowTests.swift */,
			);
			path = OwnerSellerLoginFlowTests;
			sourceTree = "<group>";
		};
		C6C3226A2B1DC8C4007235CA /* OwnerSellerLoginFlowUITests */ = {
			isa = PBXGroup;
			children = (
				C6C3226B2B1DC8C4007235CA /* OwnerSellerLoginFlowUITests.swift */,
				C6C3226D2B1DC8C4007235CA /* OwnerSellerLoginFlowUITestsLaunchTests.swift */,
			);
			path = OwnerSellerLoginFlowUITests;
			sourceTree = "<group>";
		};
/* End PBXGroup section */

/* Begin PBXNativeTarget section */
		C6C3224C2B1DC8C1007235CA /* OwnerSellerLoginFlow */ = {
			isa = PBXNativeTarget;
			buildConfigurationList = C6C322712B1DC8C4007235CA /* Build configuration list for PBXNativeTarget "OwnerSellerLoginFlow" */;
			buildPhases = (
				C6C322492B1DC8C1007235CA /* Sources */,
				C6C3224A2B1DC8C1007235CA /* Frameworks */,
				C6C3224B2B1DC8C1007235CA /* Resources */,
			);
			buildRules = (
			);
			dependencies = (
			);
			name = OwnerSellerLoginFlow;
			productName = OwnerSellerLoginFlow;
			productReference = C6C3224D2B1DC8C1007235CA /* OwnerSellerLoginFlow.app */;
			productType = "com.apple.product-type.application";
		};
		C6C3225C2B1DC8C4007235CA /* OwnerSellerLoginFlowTests */ = {
			isa = PBXNativeTarget;
			buildConfigurationList = C6C322742B1DC8C4007235CA /* Build configuration list for PBXNativeTarget "OwnerSellerLoginFlowTests" */;
			buildPhases = (
				C6C322592B1DC8C4007235CA /* Sources */,
				C6C3225A2B1DC8C4007235CA /* Frameworks */,
				C6C3225B2B1DC8C4007235CA /* Resources */,
			);
			buildRules = (
			);
			dependencies = (
				C6C3225F2B1DC8C4007235CA /* PBXTargetDependency */,
			);
			name = OwnerSellerLoginFlowTests;
			productName = OwnerSellerLoginFlowTests;
			productReference = C6C3225D2B1DC8C4007235CA /* OwnerSellerLoginFlowTests.xctest */;
			productType = "com.apple.product-type.bundle.unit-test";
		};
		C6C322662B1DC8C4007235CA /* OwnerSellerLoginFlowUITests */ = {
			isa = PBXNativeTarget;
			buildConfigurationList = C6C322772B1DC8C4007235CA /* Build configuration list for PBXNativeTarget "OwnerSellerLoginFlowUITests" */;
			buildPhases = (
				C6C322632B1DC8C4007235CA /* Sources */,
				C6C322642B1DC8C4007235CA /* Frameworks */,
				C6C322652B1DC8C4007235CA /* Resources */,
			);
			buildRules = (
			);
			dependencies = (
				C6C322692B1DC8C4007235CA /* PBXTargetDependency */,
			);
			name = OwnerSellerLoginFlowUITests;
			productName = OwnerSellerLoginFlowUITests;
			productReference = C6C322672B1DC8C4007235CA /* OwnerSellerLoginFlowUITests.xctest */;
			productType = "com.apple.product-type.bundle.ui-testing";
		};
/* End PBXNativeTarget section */

/* Begin PBXProject section */
		C6C322452B1DC8C1007235CA /* Project object */ = {
			isa = PBXProject;
			attributes = {
				BuildIndependentTargetsInParallel = 1;
				LastSwiftUpdateCheck = 1500;
				LastUpgradeCheck = 1500;
				TargetAttributes = {
					C6C3224C2B1DC8C1007235CA = {
						CreatedOnToolsVersion = 15.0.1;
					};
					C6C3225C2B1DC8C4007235CA = {
						CreatedOnToolsVersion = 15.0.1;
						TestTargetID = C6C3224C2B1DC8C1007235CA;
					};
					C6C322662B1DC8C4007235CA = {
						CreatedOnToolsVersion = 15.0.1;
						TestTargetID = C6C3224C2B1DC8C1007235CA;
					};
				};
			};
			buildConfigurationList = C6C322482B1DC8C1007235CA /* Build configuration list for PBXProject "OwnerSellerLoginFlow" */;
			compatibilityVersion = "Xcode 14.0";
			developmentRegion = en;
			hasScannedForEncodings = 0;
			knownRegions = (
				en,
				Base,
			);
			mainGroup = C6C322442B1DC8C1007235CA;
			productRefGroup = C6C3224E2B1DC8C1007235CA /* Products */;
			projectDirPath = "";
			projectRoot = "";
			targets = (
				C6C3224C2B1DC8C1007235CA /* OwnerSellerLoginFlow */,
				C6C3225C2B1DC8C4007235CA /* OwnerSellerLoginFlowTests */,
				C6C322662B1DC8C4007235CA /* OwnerSellerLoginFlowUITests */,
			);
		};
/* End PBXProject section */

/* Begin PBXResourcesBuildPhase section */
		C6C3224B2B1DC8C1007235CA /* Resources */ = {
			isa = PBXResourcesBuildPhase;
			buildActionMask = 2147483647;
			files = (
				C6C322582B1DC8C3007235CA /* Preview Assets.xcassets in Resources */,
				C6C322552B1DC8C3007235CA /* Assets.xcassets in Resources */,
			);
			runOnlyForDeploymentPostprocessing = 0;
		};
		C6C3225B2B1DC8C4007235CA /* Resources */ = {
			isa = PBXResourcesBuildPhase;
			buildActionMask = 2147483647;
			files = (
			);
			runOnlyForDeploymentPostprocessing = 0;
		};
		C6C322652B1DC8C4007235CA /* Resources */ = {
			isa = PBXResourcesBuildPhase;
			buildActionMask = 2147483647;
			files = (
			);
			runOnlyForDeploymentPostprocessing = 0;
		};
/* End PBXResourcesBuildPhase section */

/* Begin PBXSourcesBuildPhase section */
		C6C322492B1DC8C1007235CA /* Sources */ = {
			isa = PBXSourcesBuildPhase;
			buildActionMask = 2147483647;
			files = (
				C6C3227D2B1DCB50007235CA /* PostProperty.swift in Sources */,
				C6C3227F2B1DCC99007235CA /* ChooseUserType.swift in Sources */,
				C6C322852B1DDAD8007235CA /* NetworkService.swift in Sources */,
				C6C3228D2B1DF423007235CA /* AuthService.swift in Sources */,
				C6C322532B1DC8C1007235CA /* ContentView.swift in Sources */,
				C6C3227B2B1DC8EF007235CA /* LandingScreen.swift in Sources */,
				C6C3228F2B1DF5F1007235CA /* HomePage.swift in Sources */,
				C6C322892B1DE67E007235CA /* Constants.swift in Sources */,
				C6C322872B1DDFDE007235CA /* User.swift in Sources */,
				C6C3228B2B1DF236007235CA /* ContentViewModel.swift in Sources */,
				C6C322812B1DD5E3007235CA /* LoginPage.swift in Sources */,
				C6C322512B1DC8C1007235CA /* OwnerSellerLoginFlowApp.swift in Sources */,
				C6C322832B1DD737007235CA /* LoginViewModel.swift in Sources */,
			);
			runOnlyForDeploymentPostprocessing = 0;
		};
		C6C322592B1DC8C4007235CA /* Sources */ = {
			isa = PBXSourcesBuildPhase;
			buildActionMask = 2147483647;
			files = (
				C6C322622B1DC8C4007235CA /* OwnerSellerLoginFlowTests.swift in Sources */,
			);
			runOnlyForDeploymentPostprocessing = 0;
		};
		C6C322632B1DC8C4007235CA /* Sources */ = {
			isa = PBXSourcesBuildPhase;
			buildActionMask = 2147483647;
			files = (
				C6C3226C2B1DC8C4007235CA /* OwnerSellerLoginFlowUITests.swift in Sources */,
				C6C3226E2B1DC8C4007235CA /* OwnerSellerLoginFlowUITestsLaunchTests.swift in Sources */,
			);
			runOnlyForDeploymentPostprocessing = 0;
		};
/* End PBXSourcesBuildPhase section */

/* Begin PBXTargetDependency section */
		C6C3225F2B1DC8C4007235CA /* PBXTargetDependency */ = {
			isa = PBXTargetDependency;
			target = C6C3224C2B1DC8C1007235CA /* OwnerSellerLoginFlow */;
			targetProxy = C6C3225E2B1DC8C4007235CA /* PBXContainerItemProxy */;
		};
		C6C322692B1DC8C4007235CA /* PBXTargetDependency */ = {
			isa = PBXTargetDependency;
			target = C6C3224C2B1DC8C1007235CA /* OwnerSellerLoginFlow */;
			targetProxy = C6C322682B1DC8C4007235CA /* PBXContainerItemProxy */;
		};
/* End PBXTargetDependency section */

/* Begin XCBuildConfiguration section */
		C6C3226F2B1DC8C4007235CA /* Debug */ = {
			isa = XCBuildConfiguration;
			buildSettings = {
				ALWAYS_SEARCH_USER_PATHS = NO;
				ASSETCATALOG_COMPILER_GENERATE_SWIFT_ASSET_SYMBOL_EXTENSIONS = YES;
				CLANG_ANALYZER_NONNULL = YES;
				CLANG_ANALYZER_NUMBER_OBJECT_CONVERSION = YES_AGGRESSIVE;
				CLANG_CXX_LANGUAGE_STANDARD = "gnu++20";
				CLANG_ENABLE_MODULES = YES;
				CLANG_ENABLE_OBJC_ARC = YES;
				CLANG_ENABLE_OBJC_WEAK = YES;
				CLANG_WARN_BLOCK_CAPTURE_AUTORELEASING = YES;
				CLANG_WARN_BOOL_CONVERSION = YES;
				CLANG_WARN_COMMA = YES;
				CLANG_WARN_CONSTANT_CONVERSION = YES;
				CLANG_WARN_DEPRECATED_OBJC_IMPLEMENTATIONS = YES;
				CLANG_WARN_DIRECT_OBJC_ISA_USAGE = YES_ERROR;
				CLANG_WARN_DOCUMENTATION_COMMENTS = YES;
				CLANG_WARN_EMPTY_BODY = YES;
				CLANG_WARN_ENUM_CONVERSION = YES;
				CLANG_WARN_INFINITE_RECURSION = YES;
				CLANG_WARN_INT_CONVERSION = YES;
				CLANG_WARN_NON_LITERAL_NULL_CONVERSION = YES;
				CLANG_WARN_OBJC_IMPLICIT_RETAIN_SELF = YES;
				CLANG_WARN_OBJC_LITERAL_CONVERSION = YES;
				CLANG_WARN_OBJC_ROOT_CLASS = YES_ERROR;
				CLANG_WARN_QUOTED_INCLUDE_IN_FRAMEWORK_HEADER = YES;
				CLANG_WARN_RANGE_LOOP_ANALYSIS = YES;
				CLANG_WARN_STRICT_PROTOTYPES = YES;
				CLANG_WARN_SUSPICIOUS_MOVE = YES;
				CLANG_WARN_UNGUARDED_AVAILABILITY = YES_AGGRESSIVE;
				CLANG_WARN_UNREACHABLE_CODE = YES;
				CLANG_WARN__DUPLICATE_METHOD_MATCH = YES;
				COPY_PHASE_STRIP = NO;
				DEBUG_INFORMATION_FORMAT = dwarf;
				ENABLE_STRICT_OBJC_MSGSEND = YES;
				ENABLE_TESTABILITY = YES;
				ENABLE_USER_SCRIPT_SANDBOXING = YES;
				GCC_C_LANGUAGE_STANDARD = gnu17;
				GCC_DYNAMIC_NO_PIC = NO;
				GCC_NO_COMMON_BLOCKS = YES;
				GCC_OPTIMIZATION_LEVEL = 0;
				GCC_PREPROCESSOR_DEFINITIONS = (
					"DEBUG=1",
					"$(inherited)",
				);
				GCC_WARN_64_TO_32_BIT_CONVERSION = YES;
				GCC_WARN_ABOUT_RETURN_TYPE = YES_ERROR;
				GCC_WARN_UNDECLARED_SELECTOR = YES;
				GCC_WARN_UNINITIALIZED_AUTOS = YES_AGGRESSIVE;
				GCC_WARN_UNUSED_FUNCTION = YES;
				GCC_WARN_UNUSED_VARIABLE = YES;
				IPHONEOS_DEPLOYMENT_TARGET = 17.0;
				LOCALIZATION_PREFERS_STRING_CATALOGS = YES;
				MTL_ENABLE_DEBUG_INFO = INCLUDE_SOURCE;
				MTL_FAST_MATH = YES;
				ONLY_ACTIVE_ARCH = YES;
				SDKROOT = iphoneos;
				SWIFT_ACTIVE_COMPILATION_CONDITIONS = "DEBUG $(inherited)";
				SWIFT_OPTIMIZATION_LEVEL = "-Onone";
			};
			name = Debug;
		};
		C6C322702B1DC8C4007235CA /* Release */ = {
			isa = XCBuildConfiguration;
			buildSettings = {
				ALWAYS_SEARCH_USER_PATHS = NO;
				ASSETCATALOG_COMPILER_GENERATE_SWIFT_ASSET_SYMBOL_EXTENSIONS = YES;
				CLANG_ANALYZER_NONNULL = YES;
				CLANG_ANALYZER_NUMBER_OBJECT_CONVERSION = YES_AGGRESSIVE;
				CLANG_CXX_LANGUAGE_STANDARD = "gnu++20";
				CLANG_ENABLE_MODULES = YES;
				CLANG_ENABLE_OBJC_ARC = YES;
				CLANG_ENABLE_OBJC_WEAK = YES;
				CLANG_WARN_BLOCK_CAPTURE_AUTORELEASING = YES;
				CLANG_WARN_BOOL_CONVERSION = YES;
				CLANG_WARN_COMMA = YES;
				CLANG_WARN_CONSTANT_CONVERSION = YES;
				CLANG_WARN_DEPRECATED_OBJC_IMPLEMENTATIONS = YES;
				CLANG_WARN_DIRECT_OBJC_ISA_USAGE = YES_ERROR;
				CLANG_WARN_DOCUMENTATION_COMMENTS = YES;
				CLANG_WARN_EMPTY_BODY = YES;
				CLANG_WARN_ENUM_CONVERSION = YES;
				CLANG_WARN_INFINITE_RECURSION = YES;
				CLANG_WARN_INT_CONVERSION = YES;
				CLANG_WARN_NON_LITERAL_NULL_CONVERSION = YES;
				CLANG_WARN_OBJC_IMPLICIT_RETAIN_SELF = YES;
				CLANG_WARN_OBJC_LITERAL_CONVERSION = YES;
				CLANG_WARN_OBJC_ROOT_CLASS = YES_ERROR;
				CLANG_WARN_QUOTED_INCLUDE_IN_FRAMEWORK_HEADER = YES;
				CLANG_WARN_RANGE_LOOP_ANALYSIS = YES;
				CLANG_WARN_STRICT_PROTOTYPES = YES;
				CLANG_WARN_SUSPICIOUS_MOVE = YES;
				CLANG_WARN_UNGUARDED_AVAILABILITY = YES_AGGRESSIVE;
				CLANG_WARN_UNREACHABLE_CODE = YES;
				CLANG_WARN__DUPLICATE_METHOD_MATCH = YES;
				COPY_PHASE_STRIP = NO;
				DEBUG_INFORMATION_FORMAT = "dwarf-with-dsym";
				ENABLE_NS_ASSERTIONS = NO;
				ENABLE_STRICT_OBJC_MSGSEND = YES;
				ENABLE_USER_SCRIPT_SANDBOXING = YES;
				GCC_C_LANGUAGE_STANDARD = gnu17;
				GCC_NO_COMMON_BLOCKS = YES;
				GCC_WARN_64_TO_32_BIT_CONVERSION = YES;
				GCC_WARN_ABOUT_RETURN_TYPE = YES_ERROR;
				GCC_WARN_UNDECLARED_SELECTOR = YES;
				GCC_WARN_UNINITIALIZED_AUTOS = YES_AGGRESSIVE;
				GCC_WARN_UNUSED_FUNCTION = YES;
				GCC_WARN_UNUSED_VARIABLE = YES;
				IPHONEOS_DEPLOYMENT_TARGET = 17.0;
				LOCALIZATION_PREFERS_STRING_CATALOGS = YES;
				MTL_ENABLE_DEBUG_INFO = NO;
				MTL_FAST_MATH = YES;
				SDKROOT = iphoneos;
				SWIFT_COMPILATION_MODE = wholemodule;
				VALIDATE_PRODUCT = YES;
			};
			name = Release;
		};
		C6C322722B1DC8C4007235CA /* Debug */ = {
			isa = XCBuildConfiguration;
			buildSettings = {
				ASSETCATALOG_COMPILER_APPICON_NAME = AppIcon;
				ASSETCATALOG_COMPILER_GLOBAL_ACCENT_COLOR_NAME = AccentColor;
				CODE_SIGN_STYLE = Automatic;
				CURRENT_PROJECT_VERSION = 1;
				DEVELOPMENT_ASSET_PATHS = "\"OwnerSellerLoginFlow/Preview Content\"";
				ENABLE_PREVIEWS = YES;
				GENERATE_INFOPLIST_FILE = YES;
				INFOPLIST_KEY_UIApplicationSceneManifest_Generation = YES;
				INFOPLIST_KEY_UIApplicationSupportsIndirectInputEvents = YES;
				INFOPLIST_KEY_UILaunchScreen_Generation = YES;
				INFOPLIST_KEY_UISupportedInterfaceOrientations_iPad = "UIInterfaceOrientationPortrait UIInterfaceOrientationPortraitUpsideDown UIInterfaceOrientationLandscapeLeft UIInterfaceOrientationLandscapeRight";
				INFOPLIST_KEY_UISupportedInterfaceOrientations_iPhone = "UIInterfaceOrientationPortrait UIInterfaceOrientationLandscapeLeft UIInterfaceOrientationLandscapeRight";
				LD_RUNPATH_SEARCH_PATHS = (
					"$(inherited)",
					"@executable_path/Frameworks",
				);
				MARKETING_VERSION = 1.0;
				PRODUCT_BUNDLE_IDENTIFIER = com.uv.OwnerSellerLoginFlow;
				PRODUCT_NAME = "$(TARGET_NAME)";
				SWIFT_EMIT_LOC_STRINGS = YES;
				SWIFT_VERSION = 5.0;
				TARGETED_DEVICE_FAMILY = "1,2";
			};
			name = Debug;
		};
		C6C322732B1DC8C4007235CA /* Release */ = {
			isa = XCBuildConfiguration;
			buildSettings = {
				ASSETCATALOG_COMPILER_APPICON_NAME = AppIcon;
				ASSETCATALOG_COMPILER_GLOBAL_ACCENT_COLOR_NAME = AccentColor;
				CODE_SIGN_STYLE = Automatic;
				CURRENT_PROJECT_VERSION = 1;
				DEVELOPMENT_ASSET_PATHS = "\"OwnerSellerLoginFlow/Preview Content\"";
				ENABLE_PREVIEWS = YES;
				GENERATE_INFOPLIST_FILE = YES;
				INFOPLIST_KEY_UIApplicationSceneManifest_Generation = YES;
				INFOPLIST_KEY_UIApplicationSupportsIndirectInputEvents = YES;
				INFOPLIST_KEY_UILaunchScreen_Generation = YES;
				INFOPLIST_KEY_UISupportedInterfaceOrientations_iPad = "UIInterfaceOrientationPortrait UIInterfaceOrientationPortraitUpsideDown UIInterfaceOrientationLandscapeLeft UIInterfaceOrientationLandscapeRight";
				INFOPLIST_KEY_UISupportedInterfaceOrientations_iPhone = "UIInterfaceOrientationPortrait UIInterfaceOrientationLandscapeLeft UIInterfaceOrientationLandscapeRight";
				LD_RUNPATH_SEARCH_PATHS = (
					"$(inherited)",
					"@executable_path/Frameworks",
				);
				MARKETING_VERSION = 1.0;
				PRODUCT_BUNDLE_IDENTIFIER = com.uv.OwnerSellerLoginFlow;
				PRODUCT_NAME = "$(TARGET_NAME)";
				SWIFT_EMIT_LOC_STRINGS = YES;
				SWIFT_VERSION = 5.0;
				TARGETED_DEVICE_FAMILY = "1,2";
			};
			name = Release;
		};
		C6C322752B1DC8C4007235CA /* Debug */ = {
			isa = XCBuildConfiguration;
			buildSettings = {
				ALWAYS_EMBED_SWIFT_STANDARD_LIBRARIES = YES;
				BUNDLE_LOADER = "$(TEST_HOST)";
				CODE_SIGN_STYLE = Automatic;
				CURRENT_PROJECT_VERSION = 1;
				GENERATE_INFOPLIST_FILE = YES;
				IPHONEOS_DEPLOYMENT_TARGET = 17.0;
				MARKETING_VERSION = 1.0;
				PRODUCT_BUNDLE_IDENTIFIER = com.uv.OwnerSellerLoginFlowTests;
				PRODUCT_NAME = "$(TARGET_NAME)";
				SWIFT_EMIT_LOC_STRINGS = NO;
				SWIFT_VERSION = 5.0;
				TARGETED_DEVICE_FAMILY = "1,2";
				TEST_HOST = "$(BUILT_PRODUCTS_DIR)/OwnerSellerLoginFlow.app/$(BUNDLE_EXECUTABLE_FOLDER_PATH)/OwnerSellerLoginFlow";
			};
			name = Debug;
		};
		C6C322762B1DC8C4007235CA /* Release */ = {
			isa = XCBuildConfiguration;
			buildSettings = {
				ALWAYS_EMBED_SWIFT_STANDARD_LIBRARIES = YES;
				BUNDLE_LOADER = "$(TEST_HOST)";
				CODE_SIGN_STYLE = Automatic;
				CURRENT_PROJECT_VERSION = 1;
				GENERATE_INFOPLIST_FILE = YES;
				IPHONEOS_DEPLOYMENT_TARGET = 17.0;
				MARKETING_VERSION = 1.0;
				PRODUCT_BUNDLE_IDENTIFIER = com.uv.OwnerSellerLoginFlowTests;
				PRODUCT_NAME = "$(TARGET_NAME)";
				SWIFT_EMIT_LOC_STRINGS = NO;
				SWIFT_VERSION = 5.0;
				TARGETED_DEVICE_FAMILY = "1,2";
				TEST_HOST = "$(BUILT_PRODUCTS_DIR)/OwnerSellerLoginFlow.app/$(BUNDLE_EXECUTABLE_FOLDER_PATH)/OwnerSellerLoginFlow";
			};
			name = Release;
		};
		C6C322782B1DC8C4007235CA /* Debug */ = {
			isa = XCBuildConfiguration;
			buildSettings = {
				ALWAYS_EMBED_SWIFT_STANDARD_LIBRARIES = YES;
				CODE_SIGN_STYLE = Automatic;
				CURRENT_PROJECT_VERSION = 1;
				GENERATE_INFOPLIST_FILE = YES;
				MARKETING_VERSION = 1.0;
				PRODUCT_BUNDLE_IDENTIFIER = com.uv.OwnerSellerLoginFlowUITests;
				PRODUCT_NAME = "$(TARGET_NAME)";
				SWIFT_EMIT_LOC_STRINGS = NO;
				SWIFT_VERSION = 5.0;
				TARGETED_DEVICE_FAMILY = "1,2";
				TEST_TARGET_NAME = OwnerSellerLoginFlow;
			};
			name = Debug;
		};
		C6C322792B1DC8C4007235CA /* Release */ = {
			isa = XCBuildConfiguration;
			buildSettings = {
				ALWAYS_EMBED_SWIFT_STANDARD_LIBRARIES = YES;
				CODE_SIGN_STYLE = Automatic;
				CURRENT_PROJECT_VERSION = 1;
				GENERATE_INFOPLIST_FILE = YES;
				MARKETING_VERSION = 1.0;
				PRODUCT_BUNDLE_IDENTIFIER = com.uv.OwnerSellerLoginFlowUITests;
				PRODUCT_NAME = "$(TARGET_NAME)";
				SWIFT_EMIT_LOC_STRINGS = NO;
				SWIFT_VERSION = 5.0;
				TARGETED_DEVICE_FAMILY = "1,2";
				TEST_TARGET_NAME = OwnerSellerLoginFlow;
			};
			name = Release;
		};
/* End XCBuildConfiguration section */

/* Begin XCConfigurationList section */
		C6C322482B1DC8C1007235CA /* Build configuration list for PBXProject "OwnerSellerLoginFlow" */ = {
			isa = XCConfigurationList;
			buildConfigurations = (
				C6C3226F2B1DC8C4007235CA /* Debug */,
				C6C322702B1DC8C4007235CA /* Release */,
			);
			defaultConfigurationIsVisible = 0;
			defaultConfigurationName = Release;
		};
		C6C322712B1DC8C4007235CA /* Build configuration list for PBXNativeTarget "OwnerSellerLoginFlow" */ = {
			isa = XCConfigurationList;
			buildConfigurations = (
				C6C322722B1DC8C4007235CA /* Debug */,
				C6C322732B1DC8C4007235CA /* Release */,
			);
			defaultConfigurationIsVisible = 0;
			defaultConfigurationName = Release;
		};
		C6C322742B1DC8C4007235CA /* Build configuration list for PBXNativeTarget "OwnerSellerLoginFlowTests" */ = {
			isa = XCConfigurationList;
			buildConfigurations = (
				C6C322752B1DC8C4007235CA /* Debug */,
				C6C322762B1DC8C4007235CA /* Release */,
			);
			defaultConfigurationIsVisible = 0;
			defaultConfigurationName = Release;
		};
		C6C322772B1DC8C4007235CA /* Build configuration list for PBXNativeTarget "OwnerSellerLoginFlowUITests" */ = {
			isa = XCConfigurationList;
			buildConfigurations = (
				C6C322782B1DC8C4007235CA /* Debug */,
				C6C322792B1DC8C4007235CA /* Release */,
			);
			defaultConfigurationIsVisible = 0;
			defaultConfigurationName = Release;
		};
/* End XCConfigurationList section */
	};
	rootObject = C6C322452B1DC8C1007235CA /* Project object */;
}
